
Microsoft Visual Studio Solution File, Format Version 12.00
# Visual Studio Version 17
VisualStudioVersion = 17.7.34221.43
MinimumVisualStudioVersion = 10.0.40219.1
Project("{FAE04EC0-301F-11D3-BF4B-00C04F79EFBC}") = "Math.Api", "Math.Api\Math.Api.csproj", "{90D8E578-8CB4-4499-B298-53C1EE491411}"
EndProject
Project("{FAE04EC0-301F-11D3-BF4B-00C04F79EFBC}") = "Math.Test", "Math.Test\Math.Test.csproj", "{462E71AC-0A4C-4911-9FB0-2C5AFB1DD20F}"
EndProject
Global
	GlobalSection(SolutionConfigurationPlatforms) = preSolution
		Debug|Any CPU = Debug|Any CPU
		Release|Any CPU = Release|Any CPU
	EndGlobalSection
	GlobalSection(ProjectConfigurationPlatforms) = postSolution
		{90D8E578-8CB4-4499-B298-53C1EE491411}.Debug|Any CPU.ActiveCfg = Debug|Any CPU
		{90D8E578-8CB4-4499-B298-53C1EE491411}.Debug|Any CPU.Build.0 = Debug|Any CPU
		{90D8E578-8CB4-4499-B298-53C1EE491411}.Release|Any CPU.ActiveCfg = Release|Any CPU
		{90D8E578-8CB4-4499-B298-53C1EE491411}.Release|Any CPU.Build.0 = Release|Any CPU
		{462E71AC-0A4C-4911-9FB0-2C5AFB1DD20F}.Debug|Any CPU.ActiveCfg = Debug|Any CPU
		{462E71AC-0A4C-4911-9FB0-2C5AFB1DD20F}.Debug|Any CPU.Build.0 = Debug|Any CPU
		{462E71AC-0A4C-4911-9FB0-2C5AFB1DD20F}.Release|Any CPU.ActiveCfg = Release|Any CPU
		{462E71AC-0A4C-4911-9FB0-2C5AFB1DD20F}.Release|Any CPU.Build.0 = Release|Any CPU
	EndGlobalSection
	GlobalSection(SolutionProperties) = preSolution
		HideSolutionNode = FALSE
	EndGlobalSection
	GlobalSection(ExtensibilityGlobals) = postSolution
		SolutionGuid = {AEC4F9DA-B65A-4584-82AB-1943A616F51C}
	EndGlobalSection
EndGlobal
